// !$*UTF8*$!
{
	archiveVersion = 1;
	classes = {
	};
	objectVersion = 50;
	objects = {

/* Begin PBXBuildFile section */
		CD936D4E26B784080066140A /* ThreadSingletonApp.swift in Sources */ = {isa = PBXBuildFile; fileRef = CD936D4D26B784080066140A /* ThreadSingletonApp.swift */; };
		CD936D5026B784080066140A /* ContentView.swift in Sources */ = {isa = PBXBuildFile; fileRef = CD936D4F26B784080066140A /* ContentView.swift */; };
		CD936D5226B7840C0066140A /* Assets.xcassets in Resources */ = {isa = PBXBuildFile; fileRef = CD936D5126B7840C0066140A /* Assets.xcassets */; };
		CD936D5526B7840C0066140A /* Preview Assets.xcassets in Resources */ = {isa = PBXBuildFile; fileRef = CD936D5426B7840C0066140A /* Preview Assets.xcassets */; };
		CD936D5D26B7842E0066140A /* DefaultDict.swift in Sources */ = {isa = PBXBuildFile; fileRef = CD936D5C26B7842E0066140A /* DefaultDict.swift */; };
		CD936D6226B786580066140A /* DefaultDictViewModel.swift in Sources */ = {isa = PBXBuildFile; fileRef = CD936D6126B786580066140A /* DefaultDictViewModel.swift */; };
/* End PBXBuildFile section */

/* Begin PBXFileReference section */
		CD936D4A26B784080066140A /* ThreadSingleton.app */ = {isa = PBXFileReference; explicitFileType = wrapper.application; includeInIndex = 0; path = ThreadSingleton.app; sourceTree = BUILT_PRODUCTS_DIR; };
		CD936D4D26B784080066140A /* ThreadSingletonApp.swift */ = {isa = PBXFileReference; lastKnownFileType = sourcecode.swift; path = ThreadSingletonApp.swift; sourceTree = "<group>"; };
		CD936D4F26B784080066140A /* ContentView.swift */ = {isa = PBXFileReference; lastKnownFileType = sourcecode.swift; path = ContentView.swift; sourceTree = "<group>"; };
		CD936D5126B7840C0066140A /* Assets.xcassets */ = {isa = PBXFileReference; lastKnownFileType = folder.assetcatalog; path = Assets.xcassets; sourceTree = "<group>"; };
		CD936D5426B7840C0066140A /* Preview Assets.xcassets */ = {isa = PBXFileReference; lastKnownFileType = folder.assetcatalog; path = "Preview Assets.xcassets"; sourceTree = "<group>"; };
		CD936D5626B7840C0066140A /* Info.plist */ = {isa = PBXFileReference; lastKnownFileType = text.plist.xml; path = Info.plist; sourceTree = "<group>"; };
		CD936D5C26B7842E0066140A /* DefaultDict.swift */ = {isa = PBXFileReference; lastKnownFileType = sourcecode.swift; path = DefaultDict.swift; sourceTree = "<group>"; };
		CD936D6126B786580066140A /* DefaultDictViewModel.swift */ = {isa = PBXFileReference; lastKnownFileType = sourcecode.swift; path = DefaultDictViewModel.swift; sourceTree = "<group>"; };
/* End PBXFileReference section */

/* Begin PBXFrameworksBuildPhase section */
		CD936D4726B784080066140A /* Frameworks */ = {
			isa = PBXFrameworksBuildPhase;
			buildActionMask = 2147483647;
			files = (
			);
			runOnlyForDeploymentPostprocessing = 0;
		};
/* End PBXFrameworksBuildPhase section */

/* Begin PBXGroup section */
		CD936D4126B784080066140A = {
			isa = PBXGroup;
			children = (
				CD936D4C26B784080066140A /* ThreadSingleton */,
				CD936D4B26B784080066140A /* Products */,
			);
			sourceTree = "<group>";
		};
		CD936D4B26B784080066140A /* Products */ = {
			isa = PBXGroup;
			children = (
				CD936D4A26B784080066140A /* ThreadSingleton.app */,
			);
			name = Products;
			sourceTree = "<group>";
		};
		CD936D4C26B784080066140A /* ThreadSingleton */ = {
			isa = PBXGroup;
			children = (
				CD936D4D26B784080066140A /* ThreadSingletonApp.swift */,
				CD936D6026B786160066140A /* Views */,
				CD936D5F26B786110066140A /* ViewModels */,
				CD936D5E26B7860D0066140A /* Models */,
				CD936D5126B7840C0066140A /* Assets.xcassets */,
				CD936D5626B7840C0066140A /* Info.plist */,
				CD936D5326B7840C0066140A /* Preview Content */,
			);
			path = ThreadSingleton;
			sourceTree = "<group>";
		};
		CD936D5326B7840C0066140A /* Preview Content */ = {
			isa = PBXGroup;
			children = (
				CD936D5426B7840C0066140A /* Preview Assets.xcassets */,
			);
			path = "Preview Content";
			sourceTree = "<group>";
		};
		CD936D5E26B7860D0066140A /* Models */ = {
			isa = PBXGroup;
			children = (
				CD936D5C26B7842E0066140A /* DefaultDict.swift */,
			);
			path = Models;
			sourceTree = "<group>";
		};
		CD936D5F26B786110066140A /* ViewModels */ = {
			isa = PBXGroup;
			children = (
				CD936D6126B786580066140A /* DefaultDictViewModel.swift */,
			);
			path = ViewModels;
			sourceTree = "<group>";
		};
		CD936D6026B786160066140A /* Views */ = {
			isa = PBXGroup;
			children = (
				CD936D4F26B784080066140A /* ContentView.swift */,
			);
			path = Views;
			sourceTree = "<group>";
		};
/* End PBXGroup section */

/* Begin PBXNativeTarget section */
		CD936D4926B784080066140A /* ThreadSingleton */ = {
			isa = PBXNativeTarget;
			buildConfigurationList = CD936D5926B7840C0066140A /* Build configuration list for PBXNativeTarget "ThreadSingleton" */;
			buildPhases = (
				CD936D4626B784080066140A /* Sources */,
				CD936D4726B784080066140A /* Frameworks */,
				CD936D4826B784080066140A /* Resources */,
			);
			buildRules = (
			);
			dependencies = (
			);
			name = ThreadSingleton;
			productName = ThreadSingleton;
			productReference = CD936D4A26B784080066140A /* ThreadSingleton.app */;
			productType = "com.apple.product-type.application";
		};
/* End PBXNativeTarget section */

/* Begin PBXProject section */
		CD936D4226B784080066140A /* Project object */ = {
			isa = PBXProject;
			attributes = {
				LastSwiftUpdateCheck = 1250;
				LastUpgradeCheck = 1250;
				TargetAttributes = {
					CD936D4926B784080066140A = {
						CreatedOnToolsVersion = 12.5.1;
					};
				};
			};
			buildConfigurationList = CD936D4526B784080066140A /* Build configuration list for PBXProject "ThreadSingleton" */;
			compatibilityVersion = "Xcode 9.3";
			developmentRegion = en;
			hasScannedForEncodings = 0;
			knownRegions = (
				en,
				Base,
			);
			mainGroup = CD936D4126B784080066140A;
			productRefGroup = CD936D4B26B784080066140A /* Products */;
			projectDirPath = "";
			projectRoot = "";
			targets = (
				CD936D4926B784080066140A /* ThreadSingleton */,
			);
		};
/* End PBXProject section */

/* Begin PBXResourcesBuildPhase section */
		CD936D4826B784080066140A /* Resources */ = {
			isa = PBXResourcesBuildPhase;
			buildActionMask = 2147483647;
			files = (
				CD936D5526B7840C0066140A /* Preview Assets.xcassets in Resources */,
				CD936D5226B7840C0066140A /* Assets.xcassets in Resources */,
			);
			runOnlyForDeploymentPostprocessing = 0;
		};
/* End PBXResourcesBuildPhase section */

/* Begin PBXSourcesBuildPhase section */
		CD936D4626B784080066140A /* Sources */ = {
			isa = PBXSourcesBuildPhase;
			buildActionMask = 2147483647;
			files = (
				CD936D5D26B7842E0066140A /* DefaultDict.swift in Sources */,
				CD936D5026B784080066140A /* ContentView.swift in Sources */,
				CD936D6226B786580066140A /* DefaultDictViewModel.swift in Sources */,
				CD936D4E26B784080066140A /* ThreadSingletonApp.swift in Sources */,
			);
			runOnlyForDeploymentPostprocessing = 0;
		};
/* End PBXSourcesBuildPhase section */

/* Begin XCBuildConfiguration section */
		CD936D5726B7840C0066140A /* Debug */ = {
			isa = XCBuildConfiguration;
			buildSettings = {
				ALWAYS_SEARCH_USER_PATHS = NO;
				CLANG_ANALYZER_NONNULL = YES;
				CLANG_ANALYZER_NUMBER_OBJECT_CONVERSION = YES_AGGRESSIVE;
				CLANG_CXX_LANGUAGE_STANDARD = "gnu++14";
				CLANG_CXX_LIBRARY = "libc++";
				CLANG_ENABLE_MODULES = YES;
				CLANG_ENABLE_OBJC_ARC = YES;
				CLANG_ENABLE_OBJC_WEAK = YES;
				CLANG_WARN_BLOCK_CAPTURE_AUTORELEASING = YES;
				CLANG_WARN_BOOL_CONVERSION = YES;
				CLANG_WARN_COMMA = YES;
				CLANG_WARN_CONSTANT_CONVERSION = YES;
				CLANG_WARN_DEPRECATED_OBJC_IMPLEMENTATIONS = YES;
				CLANG_WARN_DIRECT_OBJC_ISA_USAGE = YES_ERROR;
				CLANG_WARN_DOCUMENTATION_COMMENTS = YES;
				CLANG_WARN_EMPTY_BODY = YES;
				CLANG_WARN_ENUM_CONVERSION = YES;
				CLANG_WARN_INFINITE_RECURSION = YES;
				CLANG_WARN_INT_CONVERSION = YES;
				CLANG_WARN_NON_LITERAL_NULL_CONVERSION = YES;
				CLANG_WARN_OBJC_IMPLICIT_RETAIN_SELF = YES;
				CLANG_WARN_OBJC_LITERAL_CONVERSION = YES;
				CLANG_WARN_OBJC_ROOT_CLASS = YES_ERROR;
				CLANG_WARN_QUOTED_INCLUDE_IN_FRAMEWORK_HEADER = YES;
				CLANG_WARN_RANGE_LOOP_ANALYSIS = YES;
				CLANG_WARN_STRICT_PROTOTYPES = YES;
				CLANG_WARN_SUSPICIOUS_MOVE = YES;
				CLANG_WARN_UNGUARDED_AVAILABILITY = YES_AGGRESSIVE;
				CLANG_WARN_UNREACHABLE_CODE = YES;
				CLANG_WARN__DUPLICATE_METHOD_MATCH = YES;
				COPY_PHASE_STRIP = NO;
				DEBUG_INFORMATION_FORMAT = dwarf;
				ENABLE_STRICT_OBJC_MSGSEND = YES;
				ENABLE_TESTABILITY = YES;
				GCC_C_LANGUAGE_STANDARD = gnu11;
				GCC_DYNAMIC_NO_PIC = NO;
				GCC_NO_COMMON_BLOCKS = YES;
				GCC_OPTIMIZATION_LEVEL = 0;
				GCC_PREPROCESSOR_DEFINITIONS = (
					"DEBUG=1",
					"$(inherited)",
				);
				GCC_WARN_64_TO_32_BIT_CONVERSION = YES;
				GCC_WARN_ABOUT_RETURN_TYPE = YES_ERROR;
				GCC_WARN_UNDECLARED_SELECTOR = YES;
				GCC_WARN_UNINITIALIZED_AUTOS = YES_AGGRESSIVE;
				GCC_WARN_UNUSED_FUNCTION = YES;
				GCC_WARN_UNUSED_VARIABLE = YES;
				IPHONEOS_DEPLOYMENT_TARGET = 14.5;
				MTL_ENABLE_DEBUG_INFO = INCLUDE_SOURCE;
				MTL_FAST_MATH = YES;
				ONLY_ACTIVE_ARCH = YES;
				SDKROOT = iphoneos;
				SWIFT_ACTIVE_COMPILATION_CONDITIONS = DEBUG;
				SWIFT_OPTIMIZATION_LEVEL = "-Onone";
			};
			name = Debug;
		};
		CD936D5826B7840C0066140A /* Release */ = {
			isa = XCBuildConfiguration;
			buildSettings = {
				ALWAYS_SEARCH_USER_PATHS = NO;
				CLANG_ANALYZER_NONNULL = YES;
				CLANG_ANALYZER_NUMBER_OBJECT_CONVERSION = YES_AGGRESSIVE;
				CLANG_CXX_LANGUAGE_STANDARD = "gnu++14";
				CLANG_CXX_LIBRARY = "libc++";
				CLANG_ENABLE_MODULES = YES;
				CLANG_ENABLE_OBJC_ARC = YES;
				CLANG_ENABLE_OBJC_WEAK = YES;
				CLANG_WARN_BLOCK_CAPTURE_AUTORELEASING = YES;
				CLANG_WARN_BOOL_CONVERSION = YES;
				CLANG_WARN_COMMA = YES;
				CLANG_WARN_CONSTANT_CONVERSION = YES;
				CLANG_WARN_DEPRECATED_OBJC_IMPLEMENTATIONS = YES;
				CLANG_WARN_DIRECT_OBJC_ISA_USAGE = YES_ERROR;
				CLANG_WARN_DOCUMENTATION_COMMENTS = YES;
				CLANG_WARN_EMPTY_BODY = YES;
				CLANG_WARN_ENUM_CONVERSION = YES;
				CLANG_WARN_INFINITE_RECURSION = YES;
				CLANG_WARN_INT_CONVERSION = YES;
				CLANG_WARN_NON_LITERAL_NULL_CONVERSION = YES;
				CLANG_WARN_OBJC_IMPLICIT_RETAIN_SELF = YES;
				CLANG_WARN_OBJC_LITERAL_CONVERSION = YES;
				CLANG_WARN_OBJC_ROOT_CLASS = YES_ERROR;
				CLANG_WARN_QUOTED_INCLUDE_IN_FRAMEWORK_HEADER = YES;
				CLANG_WARN_RANGE_LOOP_ANALYSIS = YES;
				CLANG_WARN_STRICT_PROTOTYPES = YES;
				CLANG_WARN_SUSPICIOUS_MOVE = YES;
				CLANG_WARN_UNGUARDED_AVAILABILITY = YES_AGGRESSIVE;
				CLANG_WARN_UNREACHABLE_CODE = YES;
				CLANG_WARN__DUPLICATE_METHOD_MATCH = YES;
				COPY_PHASE_STRIP = NO;
				DEBUG_INFORMATION_FORMAT = "dwarf-with-dsym";
				ENABLE_NS_ASSERTIONS = NO;
				ENABLE_STRICT_OBJC_MSGSEND = YES;
				GCC_C_LANGUAGE_STANDARD = gnu11;
				GCC_NO_COMMON_BLOCKS = YES;
				GCC_WARN_64_TO_32_BIT_CONVERSION = YES;
				GCC_WARN_ABOUT_RETURN_TYPE = YES_ERROR;
				GCC_WARN_UNDECLARED_SELECTOR = YES;
				GCC_WARN_UNINITIALIZED_AUTOS = YES_AGGRESSIVE;
				GCC_WARN_UNUSED_FUNCTION = YES;
				GCC_WARN_UNUSED_VARIABLE = YES;
				IPHONEOS_DEPLOYMENT_TARGET = 14.5;
				MTL_ENABLE_DEBUG_INFO = NO;
				MTL_FAST_MATH = YES;
				SDKROOT = iphoneos;
				SWIFT_COMPILATION_MODE = wholemodule;
				SWIFT_OPTIMIZATION_LEVEL = "-O";
				VALIDATE_PRODUCT = YES;
			};
			name = Release;
		};
		CD936D5A26B7840C0066140A /* Debug */ = {
			isa = XCBuildConfiguration;
			buildSettings = {
				ASSETCATALOG_COMPILER_APPICON_NAME = AppIcon;
				ASSETCATALOG_COMPILER_GLOBAL_ACCENT_COLOR_NAME = AccentColor;
				CODE_SIGN_STYLE = Automatic;
				DEVELOPMENT_ASSET_PATHS = "\"ThreadSingleton/Preview Content\"";
				DEVELOPMENT_TEAM = 693P93E2N6;
				ENABLE_PREVIEWS = YES;
				INFOPLIST_FILE = ThreadSingleton/Info.plist;
				IPHONEOS_DEPLOYMENT_TARGET = 14.0;
				LD_RUNPATH_SEARCH_PATHS = (
					"$(inherited)",
					"@executable_path/Frameworks",
				);
				PRODUCT_BUNDLE_IDENTIFIER = com.trueddns.homenano.ThreadSingleton;
				PRODUCT_NAME = "$(TARGET_NAME)";
				SWIFT_VERSION = 5.0;
				TARGETED_DEVICE_FAMILY = "1,2";
			};
			name = Debug;
		};
		CD936D5B26B7840C0066140A /* Release */ = {
			isa = XCBuildConfiguration;
			buildSettings = {
				ASSETCATALOG_COMPILER_APPICON_NAME = AppIcon;
				ASSETCATALOG_COMPILER_GLOBAL_ACCENT_COLOR_NAME = AccentColor;
				CODE_SIGN_STYLE = Automatic;
				DEVELOPMENT_ASSET_PATHS = "\"ThreadSingleton/Preview Content\"";
				DEVELOPMENT_TEAM = 693P93E2N6;
				ENABLE_PREVIEWS = YES;
				INFOPLIST_FILE = ThreadSingleton/Info.plist;
				IPHONEOS_DEPLOYMENT_TARGET = 14.0;
				LD_RUNPATH_SEARCH_PATHS = (
					"$(inherited)",
					"@executable_path/Frameworks",
				);
				PRODUCT_BUNDLE_IDENTIFIER = com.trueddns.homenano.ThreadSingleton;
				PRODUCT_NAME = "$(TARGET_NAME)";
				SWIFT_VERSION = 5.0;
				TARGETED_DEVICE_FAMILY = "1,2";
			};
			name = Release;
		};
/* End XCBuildConfiguration section */

/* Begin XCConfigurationList section */
		CD936D4526B784080066140A /* Build configuration list for PBXProject "ThreadSingleton" */ = {
			isa = XCConfigurationList;
			buildConfigurations = (
				CD936D5726B7840C0066140A /* Debug */,
				CD936D5826B7840C0066140A /* Release */,
			);
			defaultConfigurationIsVisible = 0;
			defaultConfigurationName = Release;
		};
		CD936D5926B7840C0066140A /* Build configuration list for PBXNativeTarget "ThreadSingleton" */ = {
			isa = XCConfigurationList;
			buildConfigurations = (
				CD936D5A26B7840C0066140A /* Debug */,
				CD936D5B26B7840C0066140A /* Release */,
			);
			defaultConfigurationIsVisible = 0;
			defaultConfigurationName = Release;
		};
/* End XCConfigurationList section */
	};
	rootObject = CD936D4226B784080066140A /* Project object */;
}
